{
  "name": "prettier-md-preserve-emoji",
  "version": "1.0.0",
  "lockfileVersion": 3,
  "requires": true,
  "packages": {
    "": {
      "name": "prettier-md-preserve-emoji",
      "version": "1.0.0",
      "license": "MIT",
      "engines": {
        "node": ">=14"
      },
      "peerDependencies": {
        "prettier": "^3.0.0"
      }
    }
  }
}
